
Microsoft Visual Studio Solution File, Format Version 12.00
# Visual Studio Version 17
VisualStudioVersion = 17.9.34714.143
MinimumVisualStudioVersion = 10.0.40219.1
Project("{FAE04EC0-301F-11D3-BF4B-00C04F79EFBC}") = "LAB5.Kruchinina.Maria", "LAB5.Kruchinina.Maria\LAB5.Kruchinina.Maria.csproj", "{35C32B54-3FF4-4D6A-8C0B-D72E6389DF80}"
EndProject
Global
	GlobalSection(SolutionConfigurationPlatforms) = preSolution
		Debug|Any CPU = Debug|Any CPU
		Release|Any CPU = Release|Any CPU
	EndGlobalSection
	GlobalSection(ProjectConfigurationPlatforms) = postSolution
		{35C32B54-3FF4-4D6A-8C0B-D72E6389DF80}.Debug|Any CPU.ActiveCfg = Debug|Any CPU
		{35C32B54-3FF4-4D6A-8C0B-D72E6389DF80}.Debug|Any CPU.Build.0 = Debug|Any CPU
		{35C32B54-3FF4-4D6A-8C0B-D72E6389DF80}.Release|Any CPU.ActiveCfg = Release|Any CPU
		{35C32B54-3FF4-4D6A-8C0B-D72E6389DF80}.Release|Any CPU.Build.0 = Release|Any CPU
	EndGlobalSection
	GlobalSection(SolutionProperties) = preSolution
		HideSolutionNode = FALSE
	EndGlobalSection
	GlobalSection(ExtensibilityGlobals) = postSolution
		SolutionGuid = {55507B0D-3519-4ACE-A098-81B9D4911D4F}
	EndGlobalSection
EndGlobal
